# @generated by Move, please check-in and do not edit manually.

[move]
version = 3
manifest_digest = "D08B1868E20DF842681B3EAF4E91AB7457D855F8A97CA7D97E6E904AB45FCF8E"
deps_digest = "F8BBB0CCB2491CA29A3DF03D6F92277A4F3574266507ACD77214D37ECA3F3082"
dependencies = [
  { id = "Iota", name = "Iota" },
]

[[move.package]]
id = "Iota"
source = { git = "https://github.com/iotaledger/iota.git", rev = "testnet", subdir = "crates/iota-framework/packages/iota-framework" }

dependencies = [
  { id = "MoveStdlib", name = "MoveStdlib" },
]

[[move.package]]
id = "MoveStdlib"
source = { git = "https://github.com/iotaledger/iota.git", rev = "testnet", subdir = "crates/iota-framework/packages/move-stdlib" }

[move.toolchain-version]
compiler-version = "1.3.1-beta"
edition = "2024.beta"
flavor = "iota"

[env]

[env.local]
chain-id = "77e670ee"
original-published-id = "0x82b8d5355b22f8ec780b7bba458c05bc543cbbbb73bf19a357e0f07a71bb59f1"
latest-published-id = "0x82b8d5355b22f8ec780b7bba458c05bc543cbbbb73bf19a357e0f07a71bb59f1"
published-version = "1"
